
Microsoft Visual Studio Solution File, Format Version 12.00
# Visual Studio Version 17
VisualStudioVersion = 17.7.34031.279
MinimumVisualStudioVersion = 10.0.40219.1
Project("{FAE04EC0-301F-11D3-BF4B-00C04F79EFBC}") = "TP3", "TP3\TP3.csproj", "{2F41D71B-96CE-42A9-8A7A-A97303DC4150}"
EndProject
Global
	GlobalSection(SolutionConfigurationPlatforms) = preSolution
		Debug|Any CPU = Debug|Any CPU
		Release|Any CPU = Release|Any CPU
	EndGlobalSection
	GlobalSection(ProjectConfigurationPlatforms) = postSolution
		{2F41D71B-96CE-42A9-8A7A-A97303DC4150}.Debug|Any CPU.ActiveCfg = Debug|Any CPU
		{2F41D71B-96CE-42A9-8A7A-A97303DC4150}.Debug|Any CPU.Build.0 = Debug|Any CPU
		{2F41D71B-96CE-42A9-8A7A-A97303DC4150}.Release|Any CPU.ActiveCfg = Release|Any CPU
		{2F41D71B-96CE-42A9-8A7A-A97303DC4150}.Release|Any CPU.Build.0 = Release|Any CPU
	EndGlobalSection
	GlobalSection(SolutionProperties) = preSolution
		HideSolutionNode = FALSE
	EndGlobalSection
	GlobalSection(ExtensibilityGlobals) = postSolution
		SolutionGuid = {B447AE48-D5CD-40DF-A9A4-B3C7A6740490}
	EndGlobalSection
EndGlobal
